// !$*UTF8*$!
{
	archiveVersion = 1;
	classes = {
	};
	objectVersion = 50;
	objects = {

/* Begin PBXBuildFile section */
		1068CBC6224BB88C00BC822B /* AppDelegate.swift in Sources */ = {isa = PBXBuildFile; fileRef = 1068CBC5224BB88C00BC822B /* AppDelegate.swift */; };
		1068CBCB224BB88C00BC822B /* Main.storyboard in Resources */ = {isa = PBXBuildFile; fileRef = 1068CBC9224BB88C00BC822B /* Main.storyboard */; };
		1068CBCD224BB88D00BC822B /* Assets.xcassets in Resources */ = {isa = PBXBuildFile; fileRef = 1068CBCC224BB88D00BC822B /* Assets.xcassets */; };
		1068CBD0224BB88D00BC822B /* LaunchScreen.storyboard in Resources */ = {isa = PBXBuildFile; fileRef = 1068CBCE224BB88D00BC822B /* LaunchScreen.storyboard */; };
		1068CBD8224BB8C000BC822B /* PhotosViewController.swift in Sources */ = {isa = PBXBuildFile; fileRef = 1068CBD7224BB8C000BC822B /* PhotosViewController.swift */; };
		1068CBDA224BBA9700BC822B /* flickrAPI.swift in Sources */ = {isa = PBXBuildFile; fileRef = 1068CBD9224BBA9700BC822B /* flickrAPI.swift */; };
		1068CBDE224BBC1E00BC822B /* PhotoStore.swift in Sources */ = {isa = PBXBuildFile; fileRef = 1068CBDD224BBC1E00BC822B /* PhotoStore.swift */; };
/* End PBXBuildFile section */

/* Begin PBXFileReference section */
		1068CBC2224BB88C00BC822B /* FlickrView.app */ = {isa = PBXFileReference; explicitFileType = wrapper.application; includeInIndex = 0; path = FlickrView.app; sourceTree = BUILT_PRODUCTS_DIR; };
		1068CBC5224BB88C00BC822B /* AppDelegate.swift */ = {isa = PBXFileReference; lastKnownFileType = sourcecode.swift; path = AppDelegate.swift; sourceTree = "<group>"; };
		1068CBCA224BB88C00BC822B /* Base */ = {isa = PBXFileReference; lastKnownFileType = file.storyboard; name = Base; path = Base.lproj/Main.storyboard; sourceTree = "<group>"; };
		1068CBCC224BB88D00BC822B /* Assets.xcassets */ = {isa = PBXFileReference; lastKnownFileType = folder.assetcatalog; path = Assets.xcassets; sourceTree = "<group>"; };
		1068CBCF224BB88D00BC822B /* Base */ = {isa = PBXFileReference; lastKnownFileType = file.storyboard; name = Base; path = Base.lproj/LaunchScreen.storyboard; sourceTree = "<group>"; };
		1068CBD1224BB88D00BC822B /* Info.plist */ = {isa = PBXFileReference; lastKnownFileType = text.plist.xml; path = Info.plist; sourceTree = "<group>"; };
		1068CBD7224BB8C000BC822B /* PhotosViewController.swift */ = {isa = PBXFileReference; lastKnownFileType = sourcecode.swift; path = PhotosViewController.swift; sourceTree = "<group>"; };
		1068CBD9224BBA9700BC822B /* flickrAPI.swift */ = {isa = PBXFileReference; lastKnownFileType = sourcecode.swift; path = flickrAPI.swift; sourceTree = "<group>"; };
		1068CBDD224BBC1E00BC822B /* PhotoStore.swift */ = {isa = PBXFileReference; lastKnownFileType = sourcecode.swift; path = PhotoStore.swift; sourceTree = "<group>"; };
/* End PBXFileReference section */

/* Begin PBXFrameworksBuildPhase section */
		1068CBBF224BB88C00BC822B /* Frameworks */ = {
			isa = PBXFrameworksBuildPhase;
			buildActionMask = 2147483647;
			files = (
			);
			runOnlyForDeploymentPostprocessing = 0;
		};
/* End PBXFrameworksBuildPhase section */

/* Begin PBXGroup section */
		1068CBB9224BB88C00BC822B = {
			isa = PBXGroup;
			children = (
				1068CBC4224BB88C00BC822B /* FlickrView */,
				1068CBC3224BB88C00BC822B /* Products */,
			);
			sourceTree = "<group>";
		};
		1068CBC3224BB88C00BC822B /* Products */ = {
			isa = PBXGroup;
			children = (
				1068CBC2224BB88C00BC822B /* FlickrView.app */,
			);
			name = Products;
			sourceTree = "<group>";
		};
		1068CBC4224BB88C00BC822B /* FlickrView */ = {
			isa = PBXGroup;
			children = (
				1068CBC5224BB88C00BC822B /* AppDelegate.swift */,
				1068CBD9224BBA9700BC822B /* flickrAPI.swift */,
				1068CBC9224BB88C00BC822B /* Main.storyboard */,
				1068CBDD224BBC1E00BC822B /* PhotoStore.swift */,
				1068CBCC224BB88D00BC822B /* Assets.xcassets */,
				1068CBCE224BB88D00BC822B /* LaunchScreen.storyboard */,
				1068CBD1224BB88D00BC822B /* Info.plist */,
				1068CBD7224BB8C000BC822B /* PhotosViewController.swift */,
			);
			path = FlickrView;
			sourceTree = "<group>";
		};
/* End PBXGroup section */

/* Begin PBXNativeTarget section */
		1068CBC1224BB88C00BC822B /* FlickrView */ = {
			isa = PBXNativeTarget;
			buildConfigurationList = 1068CBD4224BB88D00BC822B /* Build configuration list for PBXNativeTarget "FlickrView" */;
			buildPhases = (
				1068CBBE224BB88C00BC822B /* Sources */,
				1068CBBF224BB88C00BC822B /* Frameworks */,
				1068CBC0224BB88C00BC822B /* Resources */,
			);
			buildRules = (
			);
			dependencies = (
			);
			name = FlickrView;
			productName = FlickrView;
			productReference = 1068CBC2224BB88C00BC822B /* FlickrView.app */;
			productType = "com.apple.product-type.application";
		};
/* End PBXNativeTarget section */

/* Begin PBXProject section */
		1068CBBA224BB88C00BC822B /* Project object */ = {
			isa = PBXProject;
			attributes = {
				LastSwiftUpdateCheck = 1020;
				LastUpgradeCheck = 1020;
				ORGANIZATIONNAME = "Johnavan Thomas";
				TargetAttributes = {
					1068CBC1224BB88C00BC822B = {
						CreatedOnToolsVersion = 10.2;
					};
				};
			};
			buildConfigurationList = 1068CBBD224BB88C00BC822B /* Build configuration list for PBXProject "FlickrView" */;
			compatibilityVersion = "Xcode 9.3";
			developmentRegion = en;
			hasScannedForEncodings = 0;
			knownRegions = (
				en,
				Base,
			);
			mainGroup = 1068CBB9224BB88C00BC822B;
			productRefGroup = 1068CBC3224BB88C00BC822B /* Products */;
			projectDirPath = "";
			projectRoot = "";
			targets = (
				1068CBC1224BB88C00BC822B /* FlickrView */,
			);
		};
/* End PBXProject section */

/* Begin PBXResourcesBuildPhase section */
		1068CBC0224BB88C00BC822B /* Resources */ = {
			isa = PBXResourcesBuildPhase;
			buildActionMask = 2147483647;
			files = (
				1068CBD0224BB88D00BC822B /* LaunchScreen.storyboard in Resources */,
				1068CBCD224BB88D00BC822B /* Assets.xcassets in Resources */,
				1068CBCB224BB88C00BC822B /* Main.storyboard in Resources */,
			);
			runOnlyForDeploymentPostprocessing = 0;
		};
/* End PBXResourcesBuildPhase section */

/* Begin PBXSourcesBuildPhase section */
		1068CBBE224BB88C00BC822B /* Sources */ = {
			isa = PBXSourcesBuildPhase;
			buildActionMask = 2147483647;
			files = (
				1068CBDA224BBA9700BC822B /* flickrAPI.swift in Sources */,
				1068CBD8224BB8C000BC822B /* PhotosViewController.swift in Sources */,
				1068CBDE224BBC1E00BC822B /* PhotoStore.swift in Sources */,
				1068CBC6224BB88C00BC822B /* AppDelegate.swift in Sources */,
			);
			runOnlyForDeploymentPostprocessing = 0;
		};
/* End PBXSourcesBuildPhase section */

/* Begin PBXVariantGroup section */
		1068CBC9224BB88C00BC822B /* Main.storyboard */ = {
			isa = PBXVariantGroup;
			children = (
				1068CBCA224BB88C00BC822B /* Base */,
			);
			name = Main.storyboard;
			sourceTree = "<group>";
		};
		1068CBCE224BB88D00BC822B /* LaunchScreen.storyboard */ = {
			isa = PBXVariantGroup;
			children = (
				1068CBCF224BB88D00BC822B /* Base */,
			);
			name = LaunchScreen.storyboard;
			sourceTree = "<group>";
		};
/* End PBXVariantGroup section */

/* Begin XCBuildConfiguration section */
		1068CBD2224BB88D00BC822B /* Debug */ = {
			isa = XCBuildConfiguration;
			buildSettings = {
				ALWAYS_SEARCH_USER_PATHS = NO;
				CLANG_ANALYZER_NONNULL = YES;
				CLANG_ANALYZER_NUMBER_OBJECT_CONVERSION = YES_AGGRESSIVE;
				CLANG_CXX_LANGUAGE_STANDARD = "gnu++14";
				CLANG_CXX_LIBRARY = "libc++";
				CLANG_ENABLE_MODULES = YES;
				CLANG_ENABLE_OBJC_ARC = YES;
				CLANG_ENABLE_OBJC_WEAK = YES;
				CLANG_WARN_BLOCK_CAPTURE_AUTORELEASING = YES;
				CLANG_WARN_BOOL_CONVERSION = YES;
				CLANG_WARN_COMMA = YES;
				CLANG_WARN_CONSTANT_CONVERSION = YES;
				CLANG_WARN_DEPRECATED_OBJC_IMPLEMENTATIONS = YES;
				CLANG_WARN_DIRECT_OBJC_ISA_USAGE = YES_ERROR;
				CLANG_WARN_DOCUMENTATION_COMMENTS = YES;
				CLANG_WARN_EMPTY_BODY = YES;
				CLANG_WARN_ENUM_CONVERSION = YES;
				CLANG_WARN_INFINITE_RECURSION = YES;
				CLANG_WARN_INT_CONVERSION = YES;
				CLANG_WARN_NON_LITERAL_NULL_CONVERSION = YES;
				CLANG_WARN_OBJC_IMPLICIT_RETAIN_SELF = YES;
				CLANG_WARN_OBJC_LITERAL_CONVERSION = YES;
				CLANG_WARN_OBJC_ROOT_CLASS = YES_ERROR;
				CLANG_WARN_RANGE_LOOP_ANALYSIS = YES;
				CLANG_WARN_STRICT_PROTOTYPES = YES;
				CLANG_WARN_SUSPICIOUS_MOVE = YES;
				CLANG_WARN_UNGUARDED_AVAILABILITY = YES_AGGRESSIVE;
				CLANG_WARN_UNREACHABLE_CODE = YES;
				CLANG_WARN__DUPLICATE_METHOD_MATCH = YES;
				CODE_SIGN_IDENTITY = "iPhone Developer";
				COPY_PHASE_STRIP = NO;
				DEBUG_INFORMATION_FORMAT = dwarf;
				ENABLE_STRICT_OBJC_MSGSEND = YES;
				ENABLE_TESTABILITY = YES;
				GCC_C_LANGUAGE_STANDARD = gnu11;
				GCC_DYNAMIC_NO_PIC = NO;
				GCC_NO_COMMON_BLOCKS = YES;
				GCC_OPTIMIZATION_LEVEL = 0;
				GCC_PREPROCESSOR_DEFINITIONS = (
					"DEBUG=1",
					"$(inherited)",
				);
				GCC_WARN_64_TO_32_BIT_CONVERSION = YES;
				GCC_WARN_ABOUT_RETURN_TYPE = YES_ERROR;
				GCC_WARN_UNDECLARED_SELECTOR = YES;
				GCC_WARN_UNINITIALIZED_AUTOS = YES_AGGRESSIVE;
				GCC_WARN_UNUSED_FUNCTION = YES;
				GCC_WARN_UNUSED_VARIABLE = YES;
				IPHONEOS_DEPLOYMENT_TARGET = 12.2;
				MTL_ENABLE_DEBUG_INFO = INCLUDE_SOURCE;
				MTL_FAST_MATH = YES;
				ONLY_ACTIVE_ARCH = YES;
				SDKROOT = iphoneos;
				SWIFT_ACTIVE_COMPILATION_CONDITIONS = DEBUG;
				SWIFT_OPTIMIZATION_LEVEL = "-Onone";
			};
			name = Debug;
		};
		1068CBD3224BB88D00BC822B /* Release */ = {
			isa = XCBuildConfiguration;
			buildSettings = {
				ALWAYS_SEARCH_USER_PATHS = NO;
				CLANG_ANALYZER_NONNULL = YES;
				CLANG_ANALYZER_NUMBER_OBJECT_CONVERSION = YES_AGGRESSIVE;
				CLANG_CXX_LANGUAGE_STANDARD = "gnu++14";
				CLANG_CXX_LIBRARY = "libc++";
				CLANG_ENABLE_MODULES = YES;
				CLANG_ENABLE_OBJC_ARC = YES;
				CLANG_ENABLE_OBJC_WEAK = YES;
				CLANG_WARN_BLOCK_CAPTURE_AUTORELEASING = YES;
				CLANG_WARN_BOOL_CONVERSION = YES;
				CLANG_WARN_COMMA = YES;
				CLANG_WARN_CONSTANT_CONVERSION = YES;
				CLANG_WARN_DEPRECATED_OBJC_IMPLEMENTATIONS = YES;
				CLANG_WARN_DIRECT_OBJC_ISA_USAGE = YES_ERROR;
				CLANG_WARN_DOCUMENTATION_COMMENTS = YES;
				CLANG_WARN_EMPTY_BODY = YES;
				CLANG_WARN_ENUM_CONVERSION = YES;
				CLANG_WARN_INFINITE_RECURSION = YES;
				CLANG_WARN_INT_CONVERSION = YES;
				CLANG_WARN_NON_LITERAL_NULL_CONVERSION = YES;
				CLANG_WARN_OBJC_IMPLICIT_RETAIN_SELF = YES;
				CLANG_WARN_OBJC_LITERAL_CONVERSION = YES;
				CLANG_WARN_OBJC_ROOT_CLASS = YES_ERROR;
				CLANG_WARN_RANGE_LOOP_ANALYSIS = YES;
				CLANG_WARN_STRICT_PROTOTYPES = YES;
				CLANG_WARN_SUSPICIOUS_MOVE = YES;
				CLANG_WARN_UNGUARDED_AVAILABILITY = YES_AGGRESSIVE;
				CLANG_WARN_UNREACHABLE_CODE = YES;
				CLANG_WARN__DUPLICATE_METHOD_MATCH = YES;
				CODE_SIGN_IDENTITY = "iPhone Developer";
				COPY_PHASE_STRIP = NO;
				DEBUG_INFORMATION_FORMAT = "dwarf-with-dsym";
				ENABLE_NS_ASSERTIONS = NO;
				ENABLE_STRICT_OBJC_MSGSEND = YES;
				GCC_C_LANGUAGE_STANDARD = gnu11;
				GCC_NO_COMMON_BLOCKS = YES;
				GCC_WARN_64_TO_32_BIT_CONVERSION = YES;
				GCC_WARN_ABOUT_RETURN_TYPE = YES_ERROR;
				GCC_WARN_UNDECLARED_SELECTOR = YES;
				GCC_WARN_UNINITIALIZED_AUTOS = YES_AGGRESSIVE;
				GCC_WARN_UNUSED_FUNCTION = YES;
				GCC_WARN_UNUSED_VARIABLE = YES;
				IPHONEOS_DEPLOYMENT_TARGET = 12.2;
				MTL_ENABLE_DEBUG_INFO = NO;
				MTL_FAST_MATH = YES;
				SDKROOT = iphoneos;
				SWIFT_COMPILATION_MODE = wholemodule;
				SWIFT_OPTIMIZATION_LEVEL = "-O";
				VALIDATE_PRODUCT = YES;
			};
			name = Release;
		};
		1068CBD5224BB88D00BC822B /* Debug */ = {
			isa = XCBuildConfiguration;
			buildSettings = {
				ASSETCATALOG_COMPILER_APPICON_NAME = AppIcon;
				CODE_SIGN_STYLE = Automatic;
				DEVELOPMENT_TEAM = 8X39R6WPVP;
				INFOPLIST_FILE = FlickrView/Info.plist;
				LD_RUNPATH_SEARCH_PATHS = (
					"$(inherited)",
					"@executable_path/Frameworks",
				);
				PRODUCT_BUNDLE_IDENTIFIER = com.johnavanthomas.FlickrView;
				PRODUCT_NAME = "$(TARGET_NAME)";
				SWIFT_VERSION = 5.0;
				TARGETED_DEVICE_FAMILY = "1,2";
			};
			name = Debug;
		};
		1068CBD6224BB88D00BC822B /* Release */ = {
			isa = XCBuildConfiguration;
			buildSettings = {
				ASSETCATALOG_COMPILER_APPICON_NAME = AppIcon;
				CODE_SIGN_STYLE = Automatic;
				DEVELOPMENT_TEAM = 8X39R6WPVP;
				INFOPLIST_FILE = FlickrView/Info.plist;
				LD_RUNPATH_SEARCH_PATHS = (
					"$(inherited)",
					"@executable_path/Frameworks",
				);
				PRODUCT_BUNDLE_IDENTIFIER = com.johnavanthomas.FlickrView;
				PRODUCT_NAME = "$(TARGET_NAME)";
				SWIFT_VERSION = 5.0;
				TARGETED_DEVICE_FAMILY = "1,2";
			};
			name = Release;
		};
/* End XCBuildConfiguration section */

/* Begin XCConfigurationList section */
		1068CBBD224BB88C00BC822B /* Build configuration list for PBXProject "FlickrView" */ = {
			isa = XCConfigurationList;
			buildConfigurations = (
				1068CBD2224BB88D00BC822B /* Debug */,
				1068CBD3224BB88D00BC822B /* Release */,
			);
			defaultConfigurationIsVisible = 0;
			defaultConfigurationName = Release;
		};
		1068CBD4224BB88D00BC822B /* Build configuration list for PBXNativeTarget "FlickrView" */ = {
			isa = XCConfigurationList;
			buildConfigurations = (
				1068CBD5224BB88D00BC822B /* Debug */,
				1068CBD6224BB88D00BC822B /* Release */,
			);
			defaultConfigurationIsVisible = 0;
			defaultConfigurationName = Release;
		};
/* End XCConfigurationList section */
	};
	rootObject = 1068CBBA224BB88C00BC822B /* Project object */;
}
